github.com/jedisct1/go-minisign v0.0.0-20260527172527-a09352b57a22 h1:C68TAi+k12EKJCAmsdaERzQ22ZxVE6n+CuB3kOkhQ7c=
github.com/jedisct1/go-minisign v0.0.0-20260527172527-a09352b57a22/go.mod h1:vYVVh81Lqe/TP0sPLjiNYcX9Hxy/YSfkUx96lYJeyKo=
golang.org/x/crypto v0.52.0 h1:RMs7fP2rXdep0CftQlK8Uf+kibLm7qkCcradZWYz988=
golang.org/x/crypto v0.52.0/go.mod h1:1QgfPxDqh0T2M/elOJtp9RvuR95kVjir0e6/BvEmGbc=
golang.org/x/sys v0.45.0 h1:dO4czNzziLiiXplLQgBCEpCvXQ3dnkn0SdaZSYdQ+FY=
golang.org/x/sys v0.45.0/go.mod h1:4GL1E5IUh+htKOUEOaiffhrAeqysfVGipDYzABqnCmw=
